
Microsoft Visual Studio Solution File, Format Version 12.00
# Visual Studio Version 17
VisualStudioVersion = 17.3.32804.467
MinimumVisualStudioVersion = 10.0.40219.1
Project("{FAE04EC0-301F-11D3-BF4B-00C04F79EFBC}") = "Snake Game", "Snake Game\Snake Game.csproj", "{F102C7F7-4A11-4863-92EA-817E04959E11}"
EndProject
Global
	GlobalSection(SolutionConfigurationPlatforms) = preSolution
		Debug|Any CPU = Debug|Any CPU
		Release|Any CPU = Release|Any CPU
	EndGlobalSection
	GlobalSection(ProjectConfigurationPlatforms) = postSolution
		{F102C7F7-4A11-4863-92EA-817E04959E11}.Debug|Any CPU.ActiveCfg = Debug|Any CPU
		{F102C7F7-4A11-4863-92EA-817E04959E11}.Debug|Any CPU.Build.0 = Debug|Any CPU
		{F102C7F7-4A11-4863-92EA-817E04959E11}.Release|Any CPU.ActiveCfg = Release|Any CPU
		{F102C7F7-4A11-4863-92EA-817E04959E11}.Release|Any CPU.Build.0 = Release|Any CPU
	EndGlobalSection
	GlobalSection(SolutionProperties) = preSolution
		HideSolutionNode = FALSE
	EndGlobalSection
	GlobalSection(ExtensibilityGlobals) = postSolution
		SolutionGuid = {655315D9-161E-4D3D-8AED-0A398CFBAA69}
	EndGlobalSection
EndGlobal
